// !$*UTF8*$!
{
	archiveVersion = 1;
	classes = {
	};
	objectVersion = 56;
	objects = {

/* Begin PBXBuildFile section */
		9D0F0A9A2B29AA2800E0524C /* weatherApp.swift in Sources */ = {isa = PBXBuildFile; fileRef = 9D0F0A992B29AA2800E0524C /* weatherApp.swift */; };
		9D0F0A9C2B29AA2800E0524C /* ContentView.swift in Sources */ = {isa = PBXBuildFile; fileRef = 9D0F0A9B2B29AA2800E0524C /* ContentView.swift */; };
		9D0F0A9E2B29AA2900E0524C /* Assets.xcassets in Resources */ = {isa = PBXBuildFile; fileRef = 9D0F0A9D2B29AA2900E0524C /* Assets.xcassets */; };
		9D0F0AA12B29AA2900E0524C /* Preview Assets.xcassets in Resources */ = {isa = PBXBuildFile; fileRef = 9D0F0AA02B29AA2900E0524C /* Preview Assets.xcassets */; };
		9D0F0AAB2B29AA2A00E0524C /* weatherTests.swift in Sources */ = {isa = PBXBuildFile; fileRef = 9D0F0AAA2B29AA2A00E0524C /* weatherTests.swift */; };
		9D0F0AB52B29AA2A00E0524C /* weatherUITests.swift in Sources */ = {isa = PBXBuildFile; fileRef = 9D0F0AB42B29AA2A00E0524C /* weatherUITests.swift */; };
		9D0F0AB72B29AA2A00E0524C /* weatherUITestsLaunchTests.swift in Sources */ = {isa = PBXBuildFile; fileRef = 9D0F0AB62B29AA2A00E0524C /* weatherUITestsLaunchTests.swift */; };
		9D3B9B592B30599B00E73AB4 /* WeatherButton.swift in Sources */ = {isa = PBXBuildFile; fileRef = 9D3B9B582B30599B00E73AB4 /* WeatherButton.swift */; };
		9DA6DDB62B31B4B5008068F4 /* LocationManager.swift in Sources */ = {isa = PBXBuildFile; fileRef = 9DA6DDB52B31B4B5008068F4 /* LocationManager.swift */; };
/* End PBXBuildFile section */

/* Begin PBXContainerItemProxy section */
		9D0F0AA72B29AA2A00E0524C /* PBXContainerItemProxy */ = {
			isa = PBXContainerItemProxy;
			containerPortal = 9D0F0A8E2B29AA2800E0524C /* Project object */;
			proxyType = 1;
			remoteGlobalIDString = 9D0F0A952B29AA2800E0524C;
			remoteInfo = weather;
		};
		9D0F0AB12B29AA2A00E0524C /* PBXContainerItemProxy */ = {
			isa = PBXContainerItemProxy;
			containerPortal = 9D0F0A8E2B29AA2800E0524C /* Project object */;
			proxyType = 1;
			remoteGlobalIDString = 9D0F0A952B29AA2800E0524C;
			remoteInfo = weather;
		};
/* End PBXContainerItemProxy section */

/* Begin PBXFileReference section */
		9D0F0A962B29AA2800E0524C /* weather.app */ = {isa = PBXFileReference; explicitFileType = wrapper.application; includeInIndex = 0; path = weather.app; sourceTree = BUILT_PRODUCTS_DIR; };
		9D0F0A992B29AA2800E0524C /* weatherApp.swift */ = {isa = PBXFileReference; lastKnownFileType = sourcecode.swift; path = weatherApp.swift; sourceTree = "<group>"; };
		9D0F0A9B2B29AA2800E0524C /* ContentView.swift */ = {isa = PBXFileReference; lastKnownFileType = sourcecode.swift; path = ContentView.swift; sourceTree = "<group>"; };
		9D0F0A9D2B29AA2900E0524C /* Assets.xcassets */ = {isa = PBXFileReference; lastKnownFileType = folder.assetcatalog; path = Assets.xcassets; sourceTree = "<group>"; };
		9D0F0AA02B29AA2900E0524C /* Preview Assets.xcassets */ = {isa = PBXFileReference; lastKnownFileType = folder.assetcatalog; path = "Preview Assets.xcassets"; sourceTree = "<group>"; };
		9D0F0AA62B29AA2A00E0524C /* weatherTests.xctest */ = {isa = PBXFileReference; explicitFileType = wrapper.cfbundle; includeInIndex = 0; path = weatherTests.xctest; sourceTree = BUILT_PRODUCTS_DIR; };
		9D0F0AAA2B29AA2A00E0524C /* weatherTests.swift */ = {isa = PBXFileReference; lastKnownFileType = sourcecode.swift; path = weatherTests.swift; sourceTree = "<group>"; };
		9D0F0AB02B29AA2A00E0524C /* weatherUITests.xctest */ = {isa = PBXFileReference; explicitFileType = wrapper.cfbundle; includeInIndex = 0; path = weatherUITests.xctest; sourceTree = BUILT_PRODUCTS_DIR; };
		9D0F0AB42B29AA2A00E0524C /* weatherUITests.swift */ = {isa = PBXFileReference; lastKnownFileType = sourcecode.swift; path = weatherUITests.swift; sourceTree = "<group>"; };
		9D0F0AB62B29AA2A00E0524C /* weatherUITestsLaunchTests.swift */ = {isa = PBXFileReference; lastKnownFileType = sourcecode.swift; path = weatherUITestsLaunchTests.swift; sourceTree = "<group>"; };
		9D3B9B582B30599B00E73AB4 /* WeatherButton.swift */ = {isa = PBXFileReference; lastKnownFileType = sourcecode.swift; path = WeatherButton.swift; sourceTree = "<group>"; };
		9DA6DDB52B31B4B5008068F4 /* LocationManager.swift */ = {isa = PBXFileReference; lastKnownFileType = sourcecode.swift; path = LocationManager.swift; sourceTree = "<group>"; };
/* End PBXFileReference section */

/* Begin PBXFrameworksBuildPhase section */
		9D0F0A932B29AA2800E0524C /* Frameworks */ = {
			isa = PBXFrameworksBuildPhase;
			buildActionMask = 2147483647;
			files = (
			);
			runOnlyForDeploymentPostprocessing = 0;
		};
		9D0F0AA32B29AA2A00E0524C /* Frameworks */ = {
			isa = PBXFrameworksBuildPhase;
			buildActionMask = 2147483647;
			files = (
			);
			runOnlyForDeploymentPostprocessing = 0;
		};
		9D0F0AAD2B29AA2A00E0524C /* Frameworks */ = {
			isa = PBXFrameworksBuildPhase;
			buildActionMask = 2147483647;
			files = (
			);
			runOnlyForDeploymentPostprocessing = 0;
		};
/* End PBXFrameworksBuildPhase section */

/* Begin PBXGroup section */
		9D0F0A8D2B29AA2800E0524C = {
			isa = PBXGroup;
			children = (
				9D0F0A982B29AA2800E0524C /* weather */,
				9D0F0AA92B29AA2A00E0524C /* weatherTests */,
				9D0F0AB32B29AA2A00E0524C /* weatherUITests */,
				9D0F0A972B29AA2800E0524C /* Products */,
			);
			sourceTree = "<group>";
		};
		9D0F0A972B29AA2800E0524C /* Products */ = {
			isa = PBXGroup;
			children = (
				9D0F0A962B29AA2800E0524C /* weather.app */,
				9D0F0AA62B29AA2A00E0524C /* weatherTests.xctest */,
				9D0F0AB02B29AA2A00E0524C /* weatherUITests.xctest */,
			);
			name = Products;
			sourceTree = "<group>";
		};
		9D0F0A982B29AA2800E0524C /* weather */ = {
			isa = PBXGroup;
			children = (
				9D0F0A992B29AA2800E0524C /* weatherApp.swift */,
				9D0F0A9B2B29AA2800E0524C /* ContentView.swift */,
				9DA6DDB52B31B4B5008068F4 /* LocationManager.swift */,
				9D3B9B582B30599B00E73AB4 /* WeatherButton.swift */,
				9D0F0A9D2B29AA2900E0524C /* Assets.xcassets */,
				9D0F0A9F2B29AA2900E0524C /* Preview Content */,
			);
			path = weather;
			sourceTree = "<group>";
		};
		9D0F0A9F2B29AA2900E0524C /* Preview Content */ = {
			isa = PBXGroup;
			children = (
				9D0F0AA02B29AA2900E0524C /* Preview Assets.xcassets */,
			);
			path = "Preview Content";
			sourceTree = "<group>";
		};
		9D0F0AA92B29AA2A00E0524C /* weatherTests */ = {
			isa = PBXGroup;
			children = (
				9D0F0AAA2B29AA2A00E0524C /* weatherTests.swift */,
			);
			path = weatherTests;
			sourceTree = "<group>";
		};
		9D0F0AB32B29AA2A00E0524C /* weatherUITests */ = {
			isa = PBXGroup;
			children = (
				9D0F0AB42B29AA2A00E0524C /* weatherUITests.swift */,
				9D0F0AB62B29AA2A00E0524C /* weatherUITestsLaunchTests.swift */,
			);
			path = weatherUITests;
			sourceTree = "<group>";
		};
/* End PBXGroup section */

/* Begin PBXNativeTarget section */
		9D0F0A952B29AA2800E0524C /* weather */ = {
			isa = PBXNativeTarget;
			buildConfigurationList = 9D0F0ABA2B29AA2A00E0524C /* Build configuration list for PBXNativeTarget "weather" */;
			buildPhases = (
				9D0F0A922B29AA2800E0524C /* Sources */,
				9D0F0A932B29AA2800E0524C /* Frameworks */,
				9D0F0A942B29AA2800E0524C /* Resources */,
			);
			buildRules = (
			);
			dependencies = (
			);
			name = weather;
			productName = weather;
			productReference = 9D0F0A962B29AA2800E0524C /* weather.app */;
			productType = "com.apple.product-type.application";
		};
		9D0F0AA52B29AA2A00E0524C /* weatherTests */ = {
			isa = PBXNativeTarget;
			buildConfigurationList = 9D0F0ABD2B29AA2A00E0524C /* Build configuration list for PBXNativeTarget "weatherTests" */;
			buildPhases = (
				9D0F0AA22B29AA2A00E0524C /* Sources */,
				9D0F0AA32B29AA2A00E0524C /* Frameworks */,
				9D0F0AA42B29AA2A00E0524C /* Resources */,
			);
			buildRules = (
			);
			dependencies = (
				9D0F0AA82B29AA2A00E0524C /* PBXTargetDependency */,
			);
			name = weatherTests;
			productName = weatherTests;
			productReference = 9D0F0AA62B29AA2A00E0524C /* weatherTests.xctest */;
			productType = "com.apple.product-type.bundle.unit-test";
		};
		9D0F0AAF2B29AA2A00E0524C /* weatherUITests */ = {
			isa = PBXNativeTarget;
			buildConfigurationList = 9D0F0AC02B29AA2A00E0524C /* Build configuration list for PBXNativeTarget "weatherUITests" */;
			buildPhases = (
				9D0F0AAC2B29AA2A00E0524C /* Sources */,
				9D0F0AAD2B29AA2A00E0524C /* Frameworks */,
				9D0F0AAE2B29AA2A00E0524C /* Resources */,
			);
			buildRules = (
			);
			dependencies = (
				9D0F0AB22B29AA2A00E0524C /* PBXTargetDependency */,
			);
			name = weatherUITests;
			productName = weatherUITests;
			productReference = 9D0F0AB02B29AA2A00E0524C /* weatherUITests.xctest */;
			productType = "com.apple.product-type.bundle.ui-testing";
		};
/* End PBXNativeTarget section */

/* Begin PBXProject section */
		9D0F0A8E2B29AA2800E0524C /* Project object */ = {
			isa = PBXProject;
			attributes = {
				BuildIndependentTargetsInParallel = 1;
				LastSwiftUpdateCheck = 1500;
				LastUpgradeCheck = 1500;
				TargetAttributes = {
					9D0F0A952B29AA2800E0524C = {
						CreatedOnToolsVersion = 15.0.1;
					};
					9D0F0AA52B29AA2A00E0524C = {
						CreatedOnToolsVersion = 15.0.1;
						TestTargetID = 9D0F0A952B29AA2800E0524C;
					};
					9D0F0AAF2B29AA2A00E0524C = {
						CreatedOnToolsVersion = 15.0.1;
						TestTargetID = 9D0F0A952B29AA2800E0524C;
					};
				};
			};
			buildConfigurationList = 9D0F0A912B29AA2800E0524C /* Build configuration list for PBXProject "weather" */;
			compatibilityVersion = "Xcode 14.0";
			developmentRegion = en;
			hasScannedForEncodings = 0;
			knownRegions = (
				en,
				Base,
			);
			mainGroup = 9D0F0A8D2B29AA2800E0524C;
			productRefGroup = 9D0F0A972B29AA2800E0524C /* Products */;
			projectDirPath = "";
			projectRoot = "";
			targets = (
				9D0F0A952B29AA2800E0524C /* weather */,
				9D0F0AA52B29AA2A00E0524C /* weatherTests */,
				9D0F0AAF2B29AA2A00E0524C /* weatherUITests */,
			);
		};
/* End PBXProject section */

/* Begin PBXResourcesBuildPhase section */
		9D0F0A942B29AA2800E0524C /* Resources */ = {
			isa = PBXResourcesBuildPhase;
			buildActionMask = 2147483647;
			files = (
				9D0F0AA12B29AA2900E0524C /* Preview Assets.xcassets in Resources */,
				9D0F0A9E2B29AA2900E0524C /* Assets.xcassets in Resources */,
			);
			runOnlyForDeploymentPostprocessing = 0;
		};
		9D0F0AA42B29AA2A00E0524C /* Resources */ = {
			isa = PBXResourcesBuildPhase;
			buildActionMask = 2147483647;
			files = (
			);
			runOnlyForDeploymentPostprocessing = 0;
		};
		9D0F0AAE2B29AA2A00E0524C /* Resources */ = {
			isa = PBXResourcesBuildPhase;
			buildActionMask = 2147483647;
			files = (
			);
			runOnlyForDeploymentPostprocessing = 0;
		};
/* End PBXResourcesBuildPhase section */

/* Begin PBXSourcesBuildPhase section */
		9D0F0A922B29AA2800E0524C /* Sources */ = {
			isa = PBXSourcesBuildPhase;
			buildActionMask = 2147483647;
			files = (
				9DA6DDB62B31B4B5008068F4 /* LocationManager.swift in Sources */,
				9D0F0A9C2B29AA2800E0524C /* ContentView.swift in Sources */,
				9D0F0A9A2B29AA2800E0524C /* weatherApp.swift in Sources */,
				9D3B9B592B30599B00E73AB4 /* WeatherButton.swift in Sources */,
			);
			runOnlyForDeploymentPostprocessing = 0;
		};
		9D0F0AA22B29AA2A00E0524C /* Sources */ = {
			isa = PBXSourcesBuildPhase;
			buildActionMask = 2147483647;
			files = (
				9D0F0AAB2B29AA2A00E0524C /* weatherTests.swift in Sources */,
			);
			runOnlyForDeploymentPostprocessing = 0;
		};
		9D0F0AAC2B29AA2A00E0524C /* Sources */ = {
			isa = PBXSourcesBuildPhase;
			buildActionMask = 2147483647;
			files = (
				9D0F0AB52B29AA2A00E0524C /* weatherUITests.swift in Sources */,
				9D0F0AB72B29AA2A00E0524C /* weatherUITestsLaunchTests.swift in Sources */,
			);
			runOnlyForDeploymentPostprocessing = 0;
		};
/* End PBXSourcesBuildPhase section */

/* Begin PBXTargetDependency section */
		9D0F0AA82B29AA2A00E0524C /* PBXTargetDependency */ = {
			isa = PBXTargetDependency;
			target = 9D0F0A952B29AA2800E0524C /* weather */;
			targetProxy = 9D0F0AA72B29AA2A00E0524C /* PBXContainerItemProxy */;
		};
		9D0F0AB22B29AA2A00E0524C /* PBXTargetDependency */ = {
			isa = PBXTargetDependency;
			target = 9D0F0A952B29AA2800E0524C /* weather */;
			targetProxy = 9D0F0AB12B29AA2A00E0524C /* PBXContainerItemProxy */;
		};
/* End PBXTargetDependency section */

/* Begin XCBuildConfiguration section */
		9D0F0AB82B29AA2A00E0524C /* Debug */ = {
			isa = XCBuildConfiguration;
			buildSettings = {
				ALWAYS_SEARCH_USER_PATHS = NO;
				ASSETCATALOG_COMPILER_GENERATE_SWIFT_ASSET_SYMBOL_EXTENSIONS = YES;
				CLANG_ANALYZER_NONNULL = YES;
				CLANG_ANALYZER_NUMBER_OBJECT_CONVERSION = YES_AGGRESSIVE;
				CLANG_CXX_LANGUAGE_STANDARD = "gnu++20";
				CLANG_ENABLE_MODULES = YES;
				CLANG_ENABLE_OBJC_ARC = YES;
				CLANG_ENABLE_OBJC_WEAK = YES;
				CLANG_WARN_BLOCK_CAPTURE_AUTORELEASING = YES;
				CLANG_WARN_BOOL_CONVERSION = YES;
				CLANG_WARN_COMMA = YES;
				CLANG_WARN_CONSTANT_CONVERSION = YES;
				CLANG_WARN_DEPRECATED_OBJC_IMPLEMENTATIONS = YES;
				CLANG_WARN_DIRECT_OBJC_ISA_USAGE = YES_ERROR;
				CLANG_WARN_DOCUMENTATION_COMMENTS = YES;
				CLANG_WARN_EMPTY_BODY = YES;
				CLANG_WARN_ENUM_CONVERSION = YES;
				CLANG_WARN_INFINITE_RECURSION = YES;
				CLANG_WARN_INT_CONVERSION = YES;
				CLANG_WARN_NON_LITERAL_NULL_CONVERSION = YES;
				CLANG_WARN_OBJC_IMPLICIT_RETAIN_SELF = YES;
				CLANG_WARN_OBJC_LITERAL_CONVERSION = YES;
				CLANG_WARN_OBJC_ROOT_CLASS = YES_ERROR;
				CLANG_WARN_QUOTED_INCLUDE_IN_FRAMEWORK_HEADER = YES;
				CLANG_WARN_RANGE_LOOP_ANALYSIS = YES;
				CLANG_WARN_STRICT_PROTOTYPES = YES;
				CLANG_WARN_SUSPICIOUS_MOVE = YES;
				CLANG_WARN_UNGUARDED_AVAILABILITY = YES_AGGRESSIVE;
				CLANG_WARN_UNREACHABLE_CODE = YES;
				CLANG_WARN__DUPLICATE_METHOD_MATCH = YES;
				COPY_PHASE_STRIP = NO;
				DEBUG_INFORMATION_FORMAT = dwarf;
				ENABLE_STRICT_OBJC_MSGSEND = YES;
				ENABLE_TESTABILITY = YES;
				ENABLE_USER_SCRIPT_SANDBOXING = YES;
				GCC_C_LANGUAGE_STANDARD = gnu17;
				GCC_DYNAMIC_NO_PIC = NO;
				GCC_NO_COMMON_BLOCKS = YES;
				GCC_OPTIMIZATION_LEVEL = 0;
				GCC_PREPROCESSOR_DEFINITIONS = (
					"DEBUG=1",
					"$(inherited)",
				);
				GCC_WARN_64_TO_32_BIT_CONVERSION = YES;
				GCC_WARN_ABOUT_RETURN_TYPE = YES_ERROR;
				GCC_WARN_UNDECLARED_SELECTOR = YES;
				GCC_WARN_UNINITIALIZED_AUTOS = YES_AGGRESSIVE;
				GCC_WARN_UNUSED_FUNCTION = YES;
				GCC_WARN_UNUSED_VARIABLE = YES;
				IPHONEOS_DEPLOYMENT_TARGET = 17.0;
				LOCALIZATION_PREFERS_STRING_CATALOGS = YES;
				MTL_ENABLE_DEBUG_INFO = INCLUDE_SOURCE;
				MTL_FAST_MATH = YES;
				ONLY_ACTIVE_ARCH = YES;
				SDKROOT = iphoneos;
				SWIFT_ACTIVE_COMPILATION_CONDITIONS = "DEBUG $(inherited)";
				SWIFT_OPTIMIZATION_LEVEL = "-Onone";
			};
			name = Debug;
		};
		9D0F0AB92B29AA2A00E0524C /* Release */ = {
			isa = XCBuildConfiguration;
			buildSettings = {
				ALWAYS_SEARCH_USER_PATHS = NO;
				ASSETCATALOG_COMPILER_GENERATE_SWIFT_ASSET_SYMBOL_EXTENSIONS = YES;
				CLANG_ANALYZER_NONNULL = YES;
				CLANG_ANALYZER_NUMBER_OBJECT_CONVERSION = YES_AGGRESSIVE;
				CLANG_CXX_LANGUAGE_STANDARD = "gnu++20";
				CLANG_ENABLE_MODULES = YES;
				CLANG_ENABLE_OBJC_ARC = YES;
				CLANG_ENABLE_OBJC_WEAK = YES;
				CLANG_WARN_BLOCK_CAPTURE_AUTORELEASING = YES;
				CLANG_WARN_BOOL_CONVERSION = YES;
				CLANG_WARN_COMMA = YES;
				CLANG_WARN_CONSTANT_CONVERSION = YES;
				CLANG_WARN_DEPRECATED_OBJC_IMPLEMENTATIONS = YES;
				CLANG_WARN_DIRECT_OBJC_ISA_USAGE = YES_ERROR;
				CLANG_WARN_DOCUMENTATION_COMMENTS = YES;
				CLANG_WARN_EMPTY_BODY = YES;
				CLANG_WARN_ENUM_CONVERSION = YES;
				CLANG_WARN_INFINITE_RECURSION = YES;
				CLANG_WARN_INT_CONVERSION = YES;
				CLANG_WARN_NON_LITERAL_NULL_CONVERSION = YES;
				CLANG_WARN_OBJC_IMPLICIT_RETAIN_SELF = YES;
				CLANG_WARN_OBJC_LITERAL_CONVERSION = YES;
				CLANG_WARN_OBJC_ROOT_CLASS = YES_ERROR;
				CLANG_WARN_QUOTED_INCLUDE_IN_FRAMEWORK_HEADER = YES;
				CLANG_WARN_RANGE_LOOP_ANALYSIS = YES;
				CLANG_WARN_STRICT_PROTOTYPES = YES;
				CLANG_WARN_SUSPICIOUS_MOVE = YES;
				CLANG_WARN_UNGUARDED_AVAILABILITY = YES_AGGRESSIVE;
				CLANG_WARN_UNREACHABLE_CODE = YES;
				CLANG_WARN__DUPLICATE_METHOD_MATCH = YES;
				COPY_PHASE_STRIP = NO;
				DEBUG_INFORMATION_FORMAT = "dwarf-with-dsym";
				ENABLE_NS_ASSERTIONS = NO;
				ENABLE_STRICT_OBJC_MSGSEND = YES;
				ENABLE_USER_SCRIPT_SANDBOXING = YES;
				GCC_C_LANGUAGE_STANDARD = gnu17;
				GCC_NO_COMMON_BLOCKS = YES;
				GCC_WARN_64_TO_32_BIT_CONVERSION = YES;
				GCC_WARN_ABOUT_RETURN_TYPE = YES_ERROR;
				GCC_WARN_UNDECLARED_SELECTOR = YES;
				GCC_WARN_UNINITIALIZED_AUTOS = YES_AGGRESSIVE;
				GCC_WARN_UNUSED_FUNCTION = YES;
				GCC_WARN_UNUSED_VARIABLE = YES;
				IPHONEOS_DEPLOYMENT_TARGET = 17.0;
				LOCALIZATION_PREFERS_STRING_CATALOGS = YES;
				MTL_ENABLE_DEBUG_INFO = NO;
				MTL_FAST_MATH = YES;
				SDKROOT = iphoneos;
				SWIFT_COMPILATION_MODE = wholemodule;
				VALIDATE_PRODUCT = YES;
			};
			name = Release;
		};
		9D0F0ABB2B29AA2A00E0524C /* Debug */ = {
			isa = XCBuildConfiguration;
			buildSettings = {
				ASSETCATALOG_COMPILER_APPICON_NAME = AppIcon;
				ASSETCATALOG_COMPILER_GLOBAL_ACCENT_COLOR_NAME = AccentColor;
				ASSETCATALOG_COMPILER_INCLUDE_ALL_APPICON_ASSETS = YES;
				CODE_SIGN_STYLE = Automatic;
				CURRENT_PROJECT_VERSION = 1;
				DEVELOPMENT_ASSET_PATHS = "\"weather/Preview Content\"";
				DEVELOPMENT_TEAM = G2TY2Q3KD8;
				ENABLE_PREVIEWS = YES;
				GENERATE_INFOPLIST_FILE = YES;
				INFOPLIST_KEY_NSLocationUsageDescription = "Need location";
				INFOPLIST_KEY_NSLocationWhenInUseUsageDescription = "location use";
				INFOPLIST_KEY_UIApplicationSceneManifest_Generation = YES;
				INFOPLIST_KEY_UIApplicationSupportsIndirectInputEvents = YES;
				INFOPLIST_KEY_UILaunchScreen_Generation = YES;
				INFOPLIST_KEY_UISupportedInterfaceOrientations = "UIInterfaceOrientationLandscapeLeft UIInterfaceOrientationLandscapeRight UIInterfaceOrientationPortrait UIInterfaceOrientationPortraitUpsideDown";
				LD_RUNPATH_SEARCH_PATHS = (
					"$(inherited)",
					"@executable_path/Frameworks",
				);
				MARKETING_VERSION = 1.0;
				PRODUCT_BUNDLE_IDENTIFIER = djdiptayan.weather;
				PRODUCT_NAME = "$(TARGET_NAME)";
				SWIFT_EMIT_LOC_STRINGS = YES;
				SWIFT_VERSION = 5.0;
				TARGETED_DEVICE_FAMILY = "1,2";
			};
			name = Debug;
		};
		9D0F0ABC2B29AA2A00E0524C /* Release */ = {
			isa = XCBuildConfiguration;
			buildSettings = {
				ASSETCATALOG_COMPILER_APPICON_NAME = AppIcon;
				ASSETCATALOG_COMPILER_GLOBAL_ACCENT_COLOR_NAME = AccentColor;
				ASSETCATALOG_COMPILER_INCLUDE_ALL_APPICON_ASSETS = YES;
				CODE_SIGN_STYLE = Automatic;
				CURRENT_PROJECT_VERSION = 1;
				DEVELOPMENT_ASSET_PATHS = "\"weather/Preview Content\"";
				DEVELOPMENT_TEAM = G2TY2Q3KD8;
				ENABLE_PREVIEWS = YES;
				GENERATE_INFOPLIST_FILE = YES;
				INFOPLIST_KEY_NSLocationUsageDescription = "Need location";
				INFOPLIST_KEY_NSLocationWhenInUseUsageDescription = "location use";
				INFOPLIST_KEY_UIApplicationSceneManifest_Generation = YES;
				INFOPLIST_KEY_UIApplicationSupportsIndirectInputEvents = YES;
				INFOPLIST_KEY_UILaunchScreen_Generation = YES;
				INFOPLIST_KEY_UISupportedInterfaceOrientations = "UIInterfaceOrientationLandscapeLeft UIInterfaceOrientationLandscapeRight UIInterfaceOrientationPortrait UIInterfaceOrientationPortraitUpsideDown";
				LD_RUNPATH_SEARCH_PATHS = (
					"$(inherited)",
					"@executable_path/Frameworks",
				);
				MARKETING_VERSION = 1.0;
				PRODUCT_BUNDLE_IDENTIFIER = djdiptayan.weather;
				PRODUCT_NAME = "$(TARGET_NAME)";
				SWIFT_EMIT_LOC_STRINGS = YES;
				SWIFT_VERSION = 5.0;
				TARGETED_DEVICE_FAMILY = "1,2";
			};
			name = Release;
		};
		9D0F0ABE2B29AA2A00E0524C /* Debug */ = {
			isa = XCBuildConfiguration;
			buildSettings = {
				ALWAYS_EMBED_SWIFT_STANDARD_LIBRARIES = YES;
				BUNDLE_LOADER = "$(TEST_HOST)";
				CODE_SIGN_STYLE = Automatic;
				CURRENT_PROJECT_VERSION = 1;
				DEVELOPMENT_TEAM = G2TY2Q3KD8;
				GENERATE_INFOPLIST_FILE = YES;
				IPHONEOS_DEPLOYMENT_TARGET = 17.0;
				MARKETING_VERSION = 1.0;
				PRODUCT_BUNDLE_IDENTIFIER = djdiptayan.weatherTests;
				PRODUCT_NAME = "$(TARGET_NAME)";
				SWIFT_EMIT_LOC_STRINGS = NO;
				SWIFT_VERSION = 5.0;
				TARGETED_DEVICE_FAMILY = "1,2";
				TEST_HOST = "$(BUILT_PRODUCTS_DIR)/weather.app/$(BUNDLE_EXECUTABLE_FOLDER_PATH)/weather";
			};
			name = Debug;
		};
		9D0F0ABF2B29AA2A00E0524C /* Release */ = {
			isa = XCBuildConfiguration;
			buildSettings = {
				ALWAYS_EMBED_SWIFT_STANDARD_LIBRARIES = YES;
				BUNDLE_LOADER = "$(TEST_HOST)";
				CODE_SIGN_STYLE = Automatic;
				CURRENT_PROJECT_VERSION = 1;
				DEVELOPMENT_TEAM = G2TY2Q3KD8;
				GENERATE_INFOPLIST_FILE = YES;
				IPHONEOS_DEPLOYMENT_TARGET = 17.0;
				MARKETING_VERSION = 1.0;
				PRODUCT_BUNDLE_IDENTIFIER = djdiptayan.weatherTests;
				PRODUCT_NAME = "$(TARGET_NAME)";
				SWIFT_EMIT_LOC_STRINGS = NO;
				SWIFT_VERSION = 5.0;
				TARGETED_DEVICE_FAMILY = "1,2";
				TEST_HOST = "$(BUILT_PRODUCTS_DIR)/weather.app/$(BUNDLE_EXECUTABLE_FOLDER_PATH)/weather";
			};
			name = Release;
		};
		9D0F0AC12B29AA2A00E0524C /* Debug */ = {
			isa = XCBuildConfiguration;
			buildSettings = {
				ALWAYS_EMBED_SWIFT_STANDARD_LIBRARIES = YES;
				CODE_SIGN_STYLE = Automatic;
				CURRENT_PROJECT_VERSION = 1;
				DEVELOPMENT_TEAM = G2TY2Q3KD8;
				GENERATE_INFOPLIST_FILE = YES;
				MARKETING_VERSION = 1.0;
				PRODUCT_BUNDLE_IDENTIFIER = djdiptayan.weatherUITests;
				PRODUCT_NAME = "$(TARGET_NAME)";
				SWIFT_EMIT_LOC_STRINGS = NO;
				SWIFT_VERSION = 5.0;
				TARGETED_DEVICE_FAMILY = "1,2";
				TEST_TARGET_NAME = weather;
			};
			name = Debug;
		};
		9D0F0AC22B29AA2A00E0524C /* Release */ = {
			isa = XCBuildConfiguration;
			buildSettings = {
				ALWAYS_EMBED_SWIFT_STANDARD_LIBRARIES = YES;
				CODE_SIGN_STYLE = Automatic;
				CURRENT_PROJECT_VERSION = 1;
				DEVELOPMENT_TEAM = G2TY2Q3KD8;
				GENERATE_INFOPLIST_FILE = YES;
				MARKETING_VERSION = 1.0;
				PRODUCT_BUNDLE_IDENTIFIER = djdiptayan.weatherUITests;
				PRODUCT_NAME = "$(TARGET_NAME)";
				SWIFT_EMIT_LOC_STRINGS = NO;
				SWIFT_VERSION = 5.0;
				TARGETED_DEVICE_FAMILY = "1,2";
				TEST_TARGET_NAME = weather;
			};
			name = Release;
		};
/* End XCBuildConfiguration section */

/* Begin XCConfigurationList section */
		9D0F0A912B29AA2800E0524C /* Build configuration list for PBXProject "weather" */ = {
			isa = XCConfigurationList;
			buildConfigurations = (
				9D0F0AB82B29AA2A00E0524C /* Debug */,
				9D0F0AB92B29AA2A00E0524C /* Release */,
			);
			defaultConfigurationIsVisible = 0;
			defaultConfigurationName = Release;
		};
		9D0F0ABA2B29AA2A00E0524C /* Build configuration list for PBXNativeTarget "weather" */ = {
			isa = XCConfigurationList;
			buildConfigurations = (
				9D0F0ABB2B29AA2A00E0524C /* Debug */,
				9D0F0ABC2B29AA2A00E0524C /* Release */,
			);
			defaultConfigurationIsVisible = 0;
			defaultConfigurationName = Release;
		};
		9D0F0ABD2B29AA2A00E0524C /* Build configuration list for PBXNativeTarget "weatherTests" */ = {
			isa = XCConfigurationList;
			buildConfigurations = (
				9D0F0ABE2B29AA2A00E0524C /* Debug */,
				9D0F0ABF2B29AA2A00E0524C /* Release */,
			);
			defaultConfigurationIsVisible = 0;
			defaultConfigurationName = Release;
		};
		9D0F0AC02B29AA2A00E0524C /* Build configuration list for PBXNativeTarget "weatherUITests" */ = {
			isa = XCConfigurationList;
			buildConfigurations = (
				9D0F0AC12B29AA2A00E0524C /* Debug */,
				9D0F0AC22B29AA2A00E0524C /* Release */,
			);
			defaultConfigurationIsVisible = 0;
			defaultConfigurationName = Release;
		};
/* End XCConfigurationList section */
	};
	rootObject = 9D0F0A8E2B29AA2800E0524C /* Project object */;
}
